
Microsoft Visual Studio Solution File, Format Version 12.00
# Visual Studio Version 17
VisualStudioVersion = 17.5.33516.290
MinimumVisualStudioVersion = 10.0.40219.1
Project("{9A19103F-16F7-4668-BE54-9A1E7A4F7556}") = "HelsinkiCityBikeApp.Server", "Server\HelsinkiCityBikeApp.Server.csproj", "{4A049FA8-BC70-4D65-8F46-43B4D948EB87}"
EndProject
Project("{9A19103F-16F7-4668-BE54-9A1E7A4F7556}") = "HelsinkiCityBikeApp.Client", "Client\HelsinkiCityBikeApp.Client.csproj", "{22C777B6-03A5-4D05-ACBA-EE461569046E}"
EndProject
Project("{9A19103F-16F7-4668-BE54-9A1E7A4F7556}") = "HelsinkiCityBikeApp.Shared", "Shared\HelsinkiCityBikeApp.Shared.csproj", "{9777625B-62B1-4440-A43B-B3A48EB11038}"
EndProject
Global
	GlobalSection(SolutionConfigurationPlatforms) = preSolution
		Debug|Any CPU = Debug|Any CPU
		Release|Any CPU = Release|Any CPU
	EndGlobalSection
	GlobalSection(ProjectConfigurationPlatforms) = postSolution
		{4A049FA8-BC70-4D65-8F46-43B4D948EB87}.Debug|Any CPU.ActiveCfg = Debug|Any CPU
		{4A049FA8-BC70-4D65-8F46-43B4D948EB87}.Debug|Any CPU.Build.0 = Debug|Any CPU
		{4A049FA8-BC70-4D65-8F46-43B4D948EB87}.Release|Any CPU.ActiveCfg = Release|Any CPU
		{4A049FA8-BC70-4D65-8F46-43B4D948EB87}.Release|Any CPU.Build.0 = Release|Any CPU
		{22C777B6-03A5-4D05-ACBA-EE461569046E}.Debug|Any CPU.ActiveCfg = Debug|Any CPU
		{22C777B6-03A5-4D05-ACBA-EE461569046E}.Debug|Any CPU.Build.0 = Debug|Any CPU
		{22C777B6-03A5-4D05-ACBA-EE461569046E}.Release|Any CPU.ActiveCfg = Release|Any CPU
		{22C777B6-03A5-4D05-ACBA-EE461569046E}.Release|Any CPU.Build.0 = Release|Any CPU
		{9777625B-62B1-4440-A43B-B3A48EB11038}.Debug|Any CPU.ActiveCfg = Debug|Any CPU
		{9777625B-62B1-4440-A43B-B3A48EB11038}.Debug|Any CPU.Build.0 = Debug|Any CPU
		{9777625B-62B1-4440-A43B-B3A48EB11038}.Release|Any CPU.ActiveCfg = Release|Any CPU
		{9777625B-62B1-4440-A43B-B3A48EB11038}.Release|Any CPU.Build.0 = Release|Any CPU
	EndGlobalSection
	GlobalSection(SolutionProperties) = preSolution
		HideSolutionNode = FALSE
	EndGlobalSection
	GlobalSection(ExtensibilityGlobals) = postSolution
		SolutionGuid = {EEB9299D-5001-4D41-BD33-158AA65855DC}
	EndGlobalSection
EndGlobal
